
Microsoft Visual Studio Solution File, Format Version 12.00
# Visual Studio Version 17
VisualStudioVersion = 17.8.34330.188
MinimumVisualStudioVersion = 10.0.40219.1
Project("{FAE04EC0-301F-11D3-BF4B-00C04F79EFBC}") = "ProjetArtiste1", "ProjetArtiste1\ProjetArtiste1.csproj", "{9CBD7E82-54CD-444D-97AD-367A4D01254D}"
EndProject
Global
	GlobalSection(SolutionConfigurationPlatforms) = preSolution
		Debug|Any CPU = Debug|Any CPU
		Release|Any CPU = Release|Any CPU
	EndGlobalSection
	GlobalSection(ProjectConfigurationPlatforms) = postSolution
		{9CBD7E82-54CD-444D-97AD-367A4D01254D}.Debug|Any CPU.ActiveCfg = Debug|Any CPU
		{9CBD7E82-54CD-444D-97AD-367A4D01254D}.Debug|Any CPU.Build.0 = Debug|Any CPU
		{9CBD7E82-54CD-444D-97AD-367A4D01254D}.Release|Any CPU.ActiveCfg = Release|Any CPU
		{9CBD7E82-54CD-444D-97AD-367A4D01254D}.Release|Any CPU.Build.0 = Release|Any CPU
	EndGlobalSection
	GlobalSection(SolutionProperties) = preSolution
		HideSolutionNode = FALSE
	EndGlobalSection
	GlobalSection(ExtensibilityGlobals) = postSolution
		SolutionGuid = {F10318BB-5C7E-4C56-A2D7-7CFE92C22011}
	EndGlobalSection
EndGlobal
